<?xml version="1.0" encoding="utf-8"?>
<Project ToolsVersion="4.0" xmlns="http://schemas.microsoft.com/developer/msbuild/2003">
  <ItemGroup>
    <Filter Include="Source Files">
      <UniqueIdentifier>{4FC737F1-C7A5-4376-A066-2A32D752A2FF}</UniqueIdentifier>
      <Extensions>cpp;c;cc;cxx;c++;cppm;ixx;def;odl;idl;hpj;bat;asm;asmx</Extensions>
    </Filter>
    <Filter Include="Header Files">
      <UniqueIdentifier>{93995380-89BD-4b04-88EB-625FBE52EBFB}</UniqueIdentifier>
      <Extensions>h;hh;hpp;hxx;h++;hm;inl;inc;ipp;xsd</Extensions>
    </Filter>
    <Filter Include="Models">
      <UniqueIdentifier>{ccffae78-db86-4fee-84b1-2cbb7015d691}</UniqueIdentifier>
    </Filter>
    <Filter Include="Shaders">
      <UniqueIdentifier>{0e5f57ca-7a0a-4d2a-97c6-c82167e59946}</UniqueIdentifier>
    </Filter>
    <Filter Include="Shaders\ForestScene">
      <UniqueIdentifier>{23b32563-9c7d-4a5d-b0be-6c4bedc7fc66}</UniqueIdentifier>
    </Filter>
    <Filter Include="Shaders\ForestSceneNight">
      <UniqueIdentifier>{8d90ecb4-deb7-4a13-8f2f-5463a77296a3}</UniqueIdentifier>
    </Filter>
    <Filter Include="Shaders\Special lightning shaders">
      <UniqueIdentifier>{c8e34e1a-c7f2-498d-b855-9656211c5cd3}</UniqueIdentifier>
    </Filter>
    <Filter Include="Shaders\Others">
      <UniqueIdentifier>{c79c4045-db9b-4136-b5c2-66f19cbcf1f1}</UniqueIdentifier>
    </Filter>
    <Filter Include="Source Files\Scenes">
      <UniqueIdentifier>{8bcc9da9-fe35-4b0b-b9b4-f0b579d4c47f}</UniqueIdentifier>
    </Filter>
  </ItemGroup>
  <ItemGroup>
    <ClCompile Include="Application.cpp">
      <Filter>Source Files</Filter>
    </ClCompile>
    <ClCompile Include="Camera.cpp">
      <Filter>Source Files</Filter>
    </ClCompile>
    <ClCompile Include="DrawableObject.cpp">
      <Filter>Source Files</Filter>
    </ClCompile>
    <ClCompile Include="InputManager.cpp">
      <Filter>Source Files</Filter>
    </ClCompile>
    <ClCompile Include="Main.cpp">
      <Filter>Source Files</Filter>
    </ClCompile>
    <ClCompile Include="Model.cpp">
      <Filter>Source Files</Filter>
    </ClCompile>
    <ClCompile Include="Scene.cpp">
      <Filter>Source Files</Filter>
    </ClCompile>
    <ClCompile Include="Shader.cpp">
      <Filter>Source Files</Filter>
    </ClCompile>
    <ClCompile Include="ShaderProgram.cpp">
      <Filter>Source Files</Filter>
    </ClCompile>
    <ClCompile Include="Transformation.cpp">
      <Filter>Source Files</Filter>
    </ClCompile>
    <ClCompile Include="ShaderLoader.cpp">
      <Filter>Source Files</Filter>
    </ClCompile>
    <ClCompile Include="Light.cpp">
      <Filter>Source Files</Filter>
    </ClCompile>
    <ClCompile Include="ForestScene.cpp">
      <Filter>Source Files\Scenes</Filter>
    </ClCompile>
    <ClCompile Include="ForestSceneNight.cpp">
      <Filter>Source Files\Scenes</Filter>
    </ClCompile>
    <ClCompile Include="ShaderShowcaseScene.cpp">
      <Filter>Source Files\Scenes</Filter>
    </ClCompile>
    <ClCompile Include="SphereScene.cpp">
      <Filter>Source Files\Scenes</Filter>
    </ClCompile>
    <ClCompile Include="TriangleScene.cpp">
      <Filter>Source Files\Scenes</Filter>
    </ClCompile>
  </ItemGroup>
  <ItemGroup>
    <ClInclude Include="Application.h">
      <Filter>Header Files</Filter>
    </ClInclude>
    <ClInclude Include="BushModel.h">
      <Filter>Header Files</Filter>
    </ClInclude>
    <ClInclude Include="Camera.h">
      <Filter>Header Files</Filter>
    </ClInclude>
    <ClInclude Include="DrawableObject.h">
      <Filter>Header Files</Filter>
    </ClInclude>
    <ClInclude Include="ForestScene.h">
      <Filter>Header Files</Filter>
    </ClInclude>
    <ClInclude Include="InputManager.h">
      <Filter>Header Files</Filter>
    </ClInclude>
    <ClInclude Include="Model.h">
      <Filter>Header Files</Filter>
    </ClInclude>
    <ClInclude Include="Observer.h">
      <Filter>Header Files</Filter>
    </ClInclude>
    <ClInclude Include="Scene.h">
      <Filter>Header Files</Filter>
    </ClInclude>
    <ClInclude Include="Shader.h">
      <Filter>Header Files</Filter>
    </ClInclude>
    <ClInclude Include="ShaderProgram.h">
      <Filter>Header Files</Filter>
    </ClInclude>
    <ClInclude Include="Transformation.h">
      <Filter>Header Files</Filter>
    </ClInclude>
    <ClInclude Include="TreeModel.h">
      <Filter>Header Files</Filter>
    </ClInclude>
    <ClInclude Include="bushes.h">
      <Filter>Models</Filter>
    </ClInclude>
    <ClInclude Include="gift.h">
      <Filter>Models</Filter>
    </ClInclude>
    <ClInclude Include="plain.h">
      <Filter>Models</Filter>
    </ClInclude>
    <ClInclude Include="sphere.h">
      <Filter>Models</Filter>
    </ClInclude>
    <ClInclude Include="suzi_flat.h">
      <Filter>Models</Filter>
    </ClInclude>
    <ClInclude Include="suzi_smooth.h">
      <Filter>Models</Filter>
    </ClInclude>
    <ClInclude Include="tree.h">
      <Filter>Models</Filter>
    </ClInclude>
    <ClInclude Include="ShaderLoader.h">
      <Filter>Header Files</Filter>
    </ClInclude>
    <ClInclude Include="Light.h">
      <Filter>Header Files</Filter>
    </ClInclude>
    <ClInclude Include="Subject.h">
      <Filter>Header Files</Filter>
    </ClInclude>
    <ClInclude Include="SphereModel.h">
      <Filter>Header Files</Filter>
    </ClInclude>
    <ClInclude Include="SphereScene.h">
      <Filter>Header Files</Filter>
    </ClInclude>
    <ClInclude Include="ShaderShowcaseScene.h">
      <Filter>Header Files</Filter>
    </ClInclude>
    <ClInclude Include="TriangleScene.h">
      <Filter>Header Files</Filter>
    </ClInclude>
    <ClInclude Include="SuziModel.h">
      <Filter>Header Files</Filter>
    </ClInclude>
    <ClInclude Include="ForestSceneNight.h">
      <Filter>Header Files</Filter>
    </ClInclude>
  </ItemGroup>
  <ItemGroup>
    <None Include="tree_night_fragment.glsl">
      <Filter>Shaders\ForestSceneNight</Filter>
    </None>
    <None Include="tree_night_vertex.glsl">
      <Filter>Shaders\ForestSceneNight</Filter>
    </None>
    <None Include="bush_night_vertex.glsl">
      <Filter>Shaders\ForestSceneNight</Filter>
    </None>
    <None Include="bush_night_fragment.glsl">
      <Filter>Shaders\ForestSceneNight</Filter>
    </None>
    <None Include="tree_vertex_shader.glsl">
      <Filter>Shaders\ForestScene</Filter>
    </None>
    <None Include="tree_fragment_shader.glsl">
      <Filter>Shaders\ForestScene</Filter>
    </None>
    <None Include="bush_fragment_shader.glsl">
      <Filter>Shaders\ForestScene</Filter>
    </None>
    <None Include="bush_vertex_shader.glsl">
      <Filter>Shaders\ForestScene</Filter>
    </None>
    <None Include="firefly_fragment.glsl">
      <Filter>Shaders\ForestSceneNight</Filter>
    </None>
    <None Include="firefly_vertex.glsl">
      <Filter>Shaders\ForestSceneNight</Filter>
    </None>
    <None Include="blinn_fragment.glsl">
      <Filter>Shaders\Special lightning shaders</Filter>
    </None>
    <None Include="blinn_vertex.glsl">
      <Filter>Shaders\Special lightning shaders</Filter>
    </None>
    <None Include="constant_fragment.glsl">
      <Filter>Shaders\Special lightning shaders</Filter>
    </None>
    <None Include="constant_vertex.glsl">
      <Filter>Shaders\Special lightning shaders</Filter>
    </None>
    <None Include="lambert_fragment.glsl">
      <Filter>Shaders\Special lightning shaders</Filter>
    </None>
    <None Include="lambert_vertex.glsl">
      <Filter>Shaders\Special lightning shaders</Filter>
    </None>
    <None Include="phong_fragment.glsl">
      <Filter>Shaders\Special lightning shaders</Filter>
    </None>
    <None Include="phong_vertex.glsl">
      <Filter>Shaders\Special lightning shaders</Filter>
    </None>
    <None Include="light_fragment.glsl">
      <Filter>Shaders\Others</Filter>
    </None>
    <None Include="light_vertex.glsl">
      <Filter>Shaders\Others</Filter>
    </None>
    <None Include="sphere_fragment_shader.glsl">
      <Filter>Shaders\Others</Filter>
    </None>
    <None Include="sphere_vertex_shader.glsl">
      <Filter>Shaders\Others</Filter>
    </None>
    <None Include="triangle_fragment.glsl">
      <Filter>Shaders\Others</Filter>
    </None>
    <None Include="triangle_vertex.glsl">
      <Filter>Shaders\Others</Filter>
    </None>
  </ItemGroup>
</Project>