<?xml version="1.0" encoding="utf-8"?>
<Project ToolsVersion="4.0" xmlns="http://schemas.microsoft.com/developer/msbuild/2003">
  <ItemGroup>
    <Filter Include="Shaders">
      <UniqueIdentifier>{6a5d3a82-344b-468d-89b4-09468a0076d8}</UniqueIdentifier>
    </Filter>
    <Filter Include="C files">
      <UniqueIdentifier>{4FC737F1-C7A5-4376-A066-2A32D752A2FF}</UniqueIdentifier>
      <Extensions>cpp;c;cc;cxx;c++;cppm;ixx;def;odl;idl;hpj;bat;asm;asmx</Extensions>
    </Filter>
    <Filter Include="H files">
      <UniqueIdentifier>{93995380-89BD-4b04-88EB-625FBE52EBFB}</UniqueIdentifier>
      <Extensions>h;hh;hpp;hxx;h++;hm;inl;inc;ipp;xsd</Extensions>
    </Filter>
    <Filter Include="H files\Models">
      <UniqueIdentifier>{bebe7622-bdef-4e6e-b169-460f138fbd5f}</UniqueIdentifier>
    </Filter>
  </ItemGroup>
  <ItemGroup>
    <ClCompile Include="Application.cpp">
      <Filter>C files</Filter>
    </ClCompile>
    <ClCompile Include="Camera.cpp">
      <Filter>C files</Filter>
    </ClCompile>
    <ClCompile Include="DrawableObject.cpp">
      <Filter>C files</Filter>
    </ClCompile>
    <ClCompile Include="ForestScene.cpp">
      <Filter>C files</Filter>
    </ClCompile>
    <ClCompile Include="ForestSceneNight.cpp">
      <Filter>C files</Filter>
    </ClCompile>
    <ClCompile Include="InputManager.cpp">
      <Filter>C files</Filter>
    </ClCompile>
    <ClCompile Include="Light.cpp">
      <Filter>C files</Filter>
    </ClCompile>
    <ClCompile Include="Main.cpp">
      <Filter>C files</Filter>
    </ClCompile>
    <ClCompile Include="Material.cpp">
      <Filter>C files</Filter>
    </ClCompile>
    <ClCompile Include="MaterialScene.cpp">
      <Filter>C files</Filter>
    </ClCompile>
    <ClCompile Include="Model.cpp">
      <Filter>C files</Filter>
    </ClCompile>
    <ClCompile Include="Reflector.cpp">
      <Filter>C files</Filter>
    </ClCompile>
    <ClCompile Include="Rotation.cpp">
      <Filter>C files</Filter>
    </ClCompile>
    <ClCompile Include="Scale.cpp">
      <Filter>C files</Filter>
    </ClCompile>
    <ClCompile Include="Scene.cpp">
      <Filter>C files</Filter>
    </ClCompile>
    <ClCompile Include="Shader.cpp">
      <Filter>C files</Filter>
    </ClCompile>
    <ClCompile Include="ShaderLoader.cpp">
      <Filter>C files</Filter>
    </ClCompile>
    <ClCompile Include="ShaderProgram.cpp">
      <Filter>C files</Filter>
    </ClCompile>
    <ClCompile Include="ShaderShowcaseScene.cpp">
      <Filter>C files</Filter>
    </ClCompile>
    <ClCompile Include="SphereScene.cpp">
      <Filter>C files</Filter>
    </ClCompile>
    <ClCompile Include="Transformation.cpp">
      <Filter>C files</Filter>
    </ClCompile>
    <ClCompile Include="Translation.cpp">
      <Filter>C files</Filter>
    </ClCompile>
    <ClCompile Include="TriangleScene.cpp">
      <Filter>C files</Filter>
    </ClCompile>
    <ClCompile Include="PlainModel.cpp">
      <Filter>C files</Filter>
    </ClCompile>
  </ItemGroup>
  <ItemGroup>
    <ClInclude Include="Application.h">
      <Filter>H files</Filter>
    </ClInclude>
    <ClInclude Include="BasicTransformation.h">
      <Filter>H files</Filter>
    </ClInclude>
    <ClInclude Include="BushModel.h">
      <Filter>H files</Filter>
    </ClInclude>
    <ClInclude Include="Camera.h">
      <Filter>H files</Filter>
    </ClInclude>
    <ClInclude Include="DrawableObject.h">
      <Filter>H files</Filter>
    </ClInclude>
    <ClInclude Include="ForestScene.h">
      <Filter>H files</Filter>
    </ClInclude>
    <ClInclude Include="ForestSceneNight.h">
      <Filter>H files</Filter>
    </ClInclude>
    <ClInclude Include="InputManager.h">
      <Filter>H files</Filter>
    </ClInclude>
    <ClInclude Include="Light.h">
      <Filter>H files</Filter>
    </ClInclude>
    <ClInclude Include="Material.h">
      <Filter>H files</Filter>
    </ClInclude>
    <ClInclude Include="MaterialScene.h">
      <Filter>H files</Filter>
    </ClInclude>
    <ClInclude Include="Model.h">
      <Filter>H files</Filter>
    </ClInclude>
    <ClInclude Include="Observer.h">
      <Filter>H files</Filter>
    </ClInclude>
    <ClInclude Include="Rotation.h">
      <Filter>H files</Filter>
    </ClInclude>
    <ClInclude Include="Scale.h">
      <Filter>H files</Filter>
    </ClInclude>
    <ClInclude Include="Scene.h">
      <Filter>H files</Filter>
    </ClInclude>
    <ClInclude Include="Shader.h">
      <Filter>H files</Filter>
    </ClInclude>
    <ClInclude Include="ShaderLoader.h">
      <Filter>H files</Filter>
    </ClInclude>
    <ClInclude Include="ShaderProgram.h">
      <Filter>H files</Filter>
    </ClInclude>
    <ClInclude Include="ShaderShowcaseScene.h">
      <Filter>H files</Filter>
    </ClInclude>
    <ClInclude Include="SphereModel.h">
      <Filter>H files</Filter>
    </ClInclude>
    <ClInclude Include="SphereScene.h">
      <Filter>H files</Filter>
    </ClInclude>
    <ClInclude Include="Subject.h">
      <Filter>H files</Filter>
    </ClInclude>
    <ClInclude Include="SuziModel.h">
      <Filter>H files</Filter>
    </ClInclude>
    <ClInclude Include="Transformation.h">
      <Filter>H files</Filter>
    </ClInclude>
    <ClInclude Include="Translation.h">
      <Filter>H files</Filter>
    </ClInclude>
    <ClInclude Include="TreeModel.h">
      <Filter>H files</Filter>
    </ClInclude>
    <ClInclude Include="TriangleScene.h">
      <Filter>H files</Filter>
    </ClInclude>
    <ClInclude Include="bushes.h">
      <Filter>H files\Models</Filter>
    </ClInclude>
    <ClInclude Include="gift.h">
      <Filter>H files\Models</Filter>
    </ClInclude>
    <ClInclude Include="plain.h">
      <Filter>H files\Models</Filter>
    </ClInclude>
    <ClInclude Include="sphere.h">
      <Filter>H files\Models</Filter>
    </ClInclude>
    <ClInclude Include="suzi_flat.h">
      <Filter>H files\Models</Filter>
    </ClInclude>
    <ClInclude Include="tree.h">
      <Filter>H files\Models</Filter>
    </ClInclude>
    <ClInclude Include="suzi_smooth.h">
      <Filter>H files\Models</Filter>
    </ClInclude>
    <ClInclude Include="SOIL.h">
      <Filter>H files</Filter>
    </ClInclude>
    <ClInclude Include="PlainModel.h">
      <Filter>H files</Filter>
    </ClInclude>
  </ItemGroup>
  <ItemGroup>
    <None Include="blinn_fragment.glsl">
      <Filter>Shaders</Filter>
    </None>
    <None Include="blinn_vertex.glsl">
      <Filter>Shaders</Filter>
    </None>
    <None Include="bush_fragment_shader.glsl">
      <Filter>Shaders</Filter>
    </None>
    <None Include="bush_night_fragment.glsl">
      <Filter>Shaders</Filter>
    </None>
    <None Include="bush_night_vertex.glsl">
      <Filter>Shaders</Filter>
    </None>
    <None Include="bush_vertex_shader.glsl">
      <Filter>Shaders</Filter>
    </None>
    <None Include="constant_fragment.glsl">
      <Filter>Shaders</Filter>
    </None>
    <None Include="constant_vertex.glsl">
      <Filter>Shaders</Filter>
    </None>
    <None Include="firefly_fragment.glsl">
      <Filter>Shaders</Filter>
    </None>
    <None Include="firefly_vertex.glsl">
      <Filter>Shaders</Filter>
    </None>
    <None Include="lambert_fragment.glsl">
      <Filter>Shaders</Filter>
    </None>
    <None Include="lambert_vertex.glsl">
      <Filter>Shaders</Filter>
    </None>
    <None Include="light_fragment.glsl">
      <Filter>Shaders</Filter>
    </None>
    <None Include="light_vertex.glsl">
      <Filter>Shaders</Filter>
    </None>
    <None Include="phong_fragment.glsl">
      <Filter>Shaders</Filter>
    </None>
    <None Include="phong_material_fragment.glsl">
      <Filter>Shaders</Filter>
    </None>
    <None Include="phong_vertex.glsl">
      <Filter>Shaders</Filter>
    </None>
    <None Include="sphere_fragment_shader.glsl">
      <Filter>Shaders</Filter>
    </None>
    <None Include="sphere_vertex_shader.glsl">
      <Filter>Shaders</Filter>
    </None>
    <None Include="tree_fragment_shader.glsl">
      <Filter>Shaders</Filter>
    </None>
    <None Include="tree_night_fragment.glsl">
      <Filter>Shaders</Filter>
    </None>
    <None Include="tree_night_vertex.glsl">
      <Filter>Shaders</Filter>
    </None>
    <None Include="tree_vertex_shader.glsl">
      <Filter>Shaders</Filter>
    </None>
    <None Include="triangle_fragment.glsl">
      <Filter>Shaders</Filter>
    </None>
    <None Include="triangle_vertex.glsl">
      <Filter>Shaders</Filter>
    </None>
    <None Include="ground_vertex.glsl">
      <Filter>Shaders</Filter>
    </None>
    <None Include="ground_fragment.glsl">
      <Filter>Shaders</Filter>
    </None>
  </ItemGroup>
  <ItemGroup>
    <Image Include="grass.jpg" />
    <Image Include="grass.png" />
  </ItemGroup>
</Project>